
Microsoft Visual Studio Solution File, Format Version 12.00
# Visual Studio 15
VisualStudioVersion = 15.0.28010.2046
MinimumVisualStudioVersion = 10.0.40219.1
Project("{9A19103F-16F7-4668-BE54-9A1E7A4F7556}") = "Intranet.Web", "Intranet.Web\Intranet.Web.csproj", "{F23951B8-7C3C-478B-BFCE-C29AADD8B187}"
EndProject
Project("{9A19103F-16F7-4668-BE54-9A1E7A4F7556}") = "Intranet.Users", "Intranet.Users\Intranet.Users.csproj", "{E29D6624-184D-4D6D-A054-A439E9259F85}"
EndProject
Project("{9A19103F-16F7-4668-BE54-9A1E7A4F7556}") = "Intranet.Authentication", "Intranet.Authentication\Intranet.Authentication.csproj", "{86F10175-547A-49AB-8C52-2185A6D32DC8}"
EndProject
Project("{FAE04EC0-301F-11D3-BF4B-00C04F79EFBC}") = "Cqrs", "Cqrs\Cqrs.csproj", "{260C7233-F6AB-4568-9FDC-C01D5BA3E2FE}"
EndProject
Project("{FAE04EC0-301F-11D3-BF4B-00C04F79EFBC}") = "VueCliMiddleware", "VueCliMiddleware\VueCliMiddleware\VueCliMiddleware.csproj", "{B11A62A7-38DF-46DF-BDD4-F46A8F89C3D3}"
EndProject
Global
	GlobalSection(SolutionConfigurationPlatforms) = preSolution
		Debug|Any CPU = Debug|Any CPU
		Release|Any CPU = Release|Any CPU
	EndGlobalSection
	GlobalSection(ProjectConfigurationPlatforms) = postSolution
		{F23951B8-7C3C-478B-BFCE-C29AADD8B187}.Debug|Any CPU.ActiveCfg = Debug|Any CPU
		{F23951B8-7C3C-478B-BFCE-C29AADD8B187}.Debug|Any CPU.Build.0 = Debug|Any CPU
		{F23951B8-7C3C-478B-BFCE-C29AADD8B187}.Release|Any CPU.ActiveCfg = Release|Any CPU
		{F23951B8-7C3C-478B-BFCE-C29AADD8B187}.Release|Any CPU.Build.0 = Release|Any CPU
		{E29D6624-184D-4D6D-A054-A439E9259F85}.Debug|Any CPU.ActiveCfg = Debug|Any CPU
		{E29D6624-184D-4D6D-A054-A439E9259F85}.Debug|Any CPU.Build.0 = Debug|Any CPU
		{E29D6624-184D-4D6D-A054-A439E9259F85}.Release|Any CPU.ActiveCfg = Release|Any CPU
		{E29D6624-184D-4D6D-A054-A439E9259F85}.Release|Any CPU.Build.0 = Release|Any CPU
		{86F10175-547A-49AB-8C52-2185A6D32DC8}.Debug|Any CPU.ActiveCfg = Debug|Any CPU
		{86F10175-547A-49AB-8C52-2185A6D32DC8}.Debug|Any CPU.Build.0 = Debug|Any CPU
		{86F10175-547A-49AB-8C52-2185A6D32DC8}.Release|Any CPU.ActiveCfg = Release|Any CPU
		{86F10175-547A-49AB-8C52-2185A6D32DC8}.Release|Any CPU.Build.0 = Release|Any CPU
		{260C7233-F6AB-4568-9FDC-C01D5BA3E2FE}.Debug|Any CPU.ActiveCfg = Debug|Any CPU
		{260C7233-F6AB-4568-9FDC-C01D5BA3E2FE}.Debug|Any CPU.Build.0 = Debug|Any CPU
		{260C7233-F6AB-4568-9FDC-C01D5BA3E2FE}.Release|Any CPU.ActiveCfg = Release|Any CPU
		{260C7233-F6AB-4568-9FDC-C01D5BA3E2FE}.Release|Any CPU.Build.0 = Release|Any CPU
		{B11A62A7-38DF-46DF-BDD4-F46A8F89C3D3}.Debug|Any CPU.ActiveCfg = Debug|Any CPU
		{B11A62A7-38DF-46DF-BDD4-F46A8F89C3D3}.Debug|Any CPU.Build.0 = Debug|Any CPU
		{B11A62A7-38DF-46DF-BDD4-F46A8F89C3D3}.Release|Any CPU.ActiveCfg = Release|Any CPU
		{B11A62A7-38DF-46DF-BDD4-F46A8F89C3D3}.Release|Any CPU.Build.0 = Release|Any CPU
	EndGlobalSection
	GlobalSection(SolutionProperties) = preSolution
		HideSolutionNode = FALSE
	EndGlobalSection
	GlobalSection(ExtensibilityGlobals) = postSolution
		SolutionGuid = {7F032994-0364-4859-BADA-71C144CD830F}
	EndGlobalSection
EndGlobal
